
Microsoft Visual Studio Solution File, Format Version 12.00
# Visual Studio Version 16
VisualStudioVersion = 16.0.810.11
MinimumVisualStudioVersion = 10.0.40219.1
Project("{FAE04EC0-301F-11D3-BF4B-00C04F79EFBC}") = "LinkedList", "LinkedList\LinkedList.csproj", "{BA5DE653-23EA-4D7B-B868-097638AD542E}"
EndProject
Global
	GlobalSection(SolutionConfigurationPlatforms) = preSolution
		Debug|Any CPU = Debug|Any CPU
		Release|Any CPU = Release|Any CPU
	EndGlobalSection
	GlobalSection(ProjectConfigurationPlatforms) = postSolution
		{BA5DE653-23EA-4D7B-B868-097638AD542E}.Debug|Any CPU.ActiveCfg = Debug|Any CPU
		{BA5DE653-23EA-4D7B-B868-097638AD542E}.Debug|Any CPU.Build.0 = Debug|Any CPU
		{BA5DE653-23EA-4D7B-B868-097638AD542E}.Release|Any CPU.ActiveCfg = Release|Any CPU
		{BA5DE653-23EA-4D7B-B868-097638AD542E}.Release|Any CPU.Build.0 = Release|Any CPU
	EndGlobalSection
	GlobalSection(SolutionProperties) = preSolution
		HideSolutionNode = FALSE
	EndGlobalSection
	GlobalSection(ExtensibilityGlobals) = postSolution
		SolutionGuid = {DCF8C924-A8C1-4E05-A708-2805A0E8889A}
	EndGlobalSection
EndGlobal
